// !$*UTF8*$!
{
	archiveVersion = 1;
	classes = {
	};
	objectVersion = 46;
	objects = {

/* Begin PBXBuildFile section */
		154F245E1EEF860200026361 /* main.m in Sources */ = {isa = PBXBuildFile; fileRef = 154F245D1EEF860200026361 /* main.m */; };
		154F24611EEF860200026361 /* AppDelegate.m in Sources */ = {isa = PBXBuildFile; fileRef = 154F24601EEF860200026361 /* AppDelegate.m */; };
		154F24671EEF860200026361 /* Main.storyboard in Resources */ = {isa = PBXBuildFile; fileRef = 154F24651EEF860200026361 /* Main.storyboard */; };
		154F24691EEF860200026361 /* Assets.xcassets in Resources */ = {isa = PBXBuildFile; fileRef = 154F24681EEF860200026361 /* Assets.xcassets */; };
		154F246C1EEF860200026361 /* LaunchScreen.storyboard in Resources */ = {isa = PBXBuildFile; fileRef = 154F246A1EEF860200026361 /* LaunchScreen.storyboard */; };
		154F24771EEF860200026361 /* APPStoreHeaderTests.m in Sources */ = {isa = PBXBuildFile; fileRef = 154F24761EEF860200026361 /* APPStoreHeaderTests.m */; };
		154F24821EEF860200026361 /* APPStoreHeaderUITests.m in Sources */ = {isa = PBXBuildFile; fileRef = 154F24811EEF860200026361 /* APPStoreHeaderUITests.m */; };
		154F24A01EEFA61B00026361 /* FirstViewController.m in Sources */ = {isa = PBXBuildFile; fileRef = 154F249F1EEFA61B00026361 /* FirstViewController.m */; };
		154F24A61EEFA67C00026361 /* APPStoreViewController.m in Sources */ = {isa = PBXBuildFile; fileRef = 154F24A51EEFA67C00026361 /* APPStoreViewController.m */; };
		154F24A91EEFA6B900026361 /* ThirdViewController.m in Sources */ = {isa = PBXBuildFile; fileRef = 154F24A81EEFA6B900026361 /* ThirdViewController.m */; };
/* End PBXBuildFile section */

/* Begin PBXContainerItemProxy section */
		154F24731EEF860200026361 /* PBXContainerItemProxy */ = {
			isa = PBXContainerItemProxy;
			containerPortal = 154F24511EEF860200026361 /* Project object */;
			proxyType = 1;
			remoteGlobalIDString = 154F24581EEF860200026361;
			remoteInfo = APPStoreHeader;
		};
		154F247E1EEF860200026361 /* PBXContainerItemProxy */ = {
			isa = PBXContainerItemProxy;
			containerPortal = 154F24511EEF860200026361 /* Project object */;
			proxyType = 1;
			remoteGlobalIDString = 154F24581EEF860200026361;
			remoteInfo = APPStoreHeader;
		};
/* End PBXContainerItemProxy section */

/* Begin PBXFileReference section */
		154F24591EEF860200026361 /* APPStoreHeader.app */ = {isa = PBXFileReference; explicitFileType = wrapper.application; includeInIndex = 0; path = APPStoreHeader.app; sourceTree = BUILT_PRODUCTS_DIR; };
		154F245D1EEF860200026361 /* main.m */ = {isa = PBXFileReference; lastKnownFileType = sourcecode.c.objc; path = main.m; sourceTree = "<group>"; };
		154F245F1EEF860200026361 /* AppDelegate.h */ = {isa = PBXFileReference; lastKnownFileType = sourcecode.c.h; path = AppDelegate.h; sourceTree = "<group>"; };
		154F24601EEF860200026361 /* AppDelegate.m */ = {isa = PBXFileReference; lastKnownFileType = sourcecode.c.objc; path = AppDelegate.m; sourceTree = "<group>"; };
		154F24661EEF860200026361 /* Base */ = {isa = PBXFileReference; lastKnownFileType = file.storyboard; name = Base; path = Base.lproj/Main.storyboard; sourceTree = "<group>"; };
		154F24681EEF860200026361 /* Assets.xcassets */ = {isa = PBXFileReference; lastKnownFileType = folder.assetcatalog; path = Assets.xcassets; sourceTree = "<group>"; };
		154F246B1EEF860200026361 /* Base */ = {isa = PBXFileReference; lastKnownFileType = file.storyboard; name = Base; path = Base.lproj/LaunchScreen.storyboard; sourceTree = "<group>"; };
		154F246D1EEF860200026361 /* Info.plist */ = {isa = PBXFileReference; lastKnownFileType = text.plist.xml; path = Info.plist; sourceTree = "<group>"; };
		154F24721EEF860200026361 /* APPStoreHeaderTests.xctest */ = {isa = PBXFileReference; explicitFileType = wrapper.cfbundle; includeInIndex = 0; path = APPStoreHeaderTests.xctest; sourceTree = BUILT_PRODUCTS_DIR; };
		154F24761EEF860200026361 /* APPStoreHeaderTests.m */ = {isa = PBXFileReference; lastKnownFileType = sourcecode.c.objc; path = APPStoreHeaderTests.m; sourceTree = "<group>"; };
		154F24781EEF860200026361 /* Info.plist */ = {isa = PBXFileReference; lastKnownFileType = text.plist.xml; path = Info.plist; sourceTree = "<group>"; };
		154F247D1EEF860200026361 /* APPStoreHeaderUITests.xctest */ = {isa = PBXFileReference; explicitFileType = wrapper.cfbundle; includeInIndex = 0; path = APPStoreHeaderUITests.xctest; sourceTree = BUILT_PRODUCTS_DIR; };
		154F24811EEF860200026361 /* APPStoreHeaderUITests.m */ = {isa = PBXFileReference; lastKnownFileType = sourcecode.c.objc; path = APPStoreHeaderUITests.m; sourceTree = "<group>"; };
		154F24831EEF860200026361 /* Info.plist */ = {isa = PBXFileReference; lastKnownFileType = text.plist.xml; path = Info.plist; sourceTree = "<group>"; };
		154F249E1EEFA61B00026361 /* FirstViewController.h */ = {isa = PBXFileReference; fileEncoding = 4; lastKnownFileType = sourcecode.c.h; path = FirstViewController.h; sourceTree = "<group>"; };
		154F249F1EEFA61B00026361 /* FirstViewController.m */ = {isa = PBXFileReference; fileEncoding = 4; lastKnownFileType = sourcecode.c.objc; path = FirstViewController.m; sourceTree = "<group>"; };
		154F24A41EEFA67C00026361 /* APPStoreViewController.h */ = {isa = PBXFileReference; fileEncoding = 4; lastKnownFileType = sourcecode.c.h; path = APPStoreViewController.h; sourceTree = "<group>"; };
		154F24A51EEFA67C00026361 /* APPStoreViewController.m */ = {isa = PBXFileReference; fileEncoding = 4; lastKnownFileType = sourcecode.c.objc; path = APPStoreViewController.m; sourceTree = "<group>"; };
		154F24A71EEFA6B900026361 /* ThirdViewController.h */ = {isa = PBXFileReference; fileEncoding = 4; lastKnownFileType = sourcecode.c.h; path = ThirdViewController.h; sourceTree = "<group>"; };
		154F24A81EEFA6B900026361 /* ThirdViewController.m */ = {isa = PBXFileReference; fileEncoding = 4; lastKnownFileType = sourcecode.c.objc; path = ThirdViewController.m; sourceTree = "<group>"; };
/* End PBXFileReference section */

/* Begin PBXFrameworksBuildPhase section */
		154F24561EEF860200026361 /* Frameworks */ = {
			isa = PBXFrameworksBuildPhase;
			buildActionMask = 2147483647;
			files = (
			);
			runOnlyForDeploymentPostprocessing = 0;
		};
		154F246F1EEF860200026361 /* Frameworks */ = {
			isa = PBXFrameworksBuildPhase;
			buildActionMask = 2147483647;
			files = (
			);
			runOnlyForDeploymentPostprocessing = 0;
		};
		154F247A1EEF860200026361 /* Frameworks */ = {
			isa = PBXFrameworksBuildPhase;
			buildActionMask = 2147483647;
			files = (
			);
			runOnlyForDeploymentPostprocessing = 0;
		};
/* End PBXFrameworksBuildPhase section */

/* Begin PBXGroup section */
		154F24501EEF860200026361 = {
			isa = PBXGroup;
			children = (
				154F245B1EEF860200026361 /* APPStoreHeader */,
				154F24751EEF860200026361 /* APPStoreHeaderTests */,
				154F24801EEF860200026361 /* APPStoreHeaderUITests */,
				154F245A1EEF860200026361 /* Products */,
			);
			sourceTree = "<group>";
		};
		154F245A1EEF860200026361 /* Products */ = {
			isa = PBXGroup;
			children = (
				154F24591EEF860200026361 /* APPStoreHeader.app */,
				154F24721EEF860200026361 /* APPStoreHeaderTests.xctest */,
				154F247D1EEF860200026361 /* APPStoreHeaderUITests.xctest */,
			);
			name = Products;
			sourceTree = "<group>";
		};
		154F245B1EEF860200026361 /* APPStoreHeader */ = {
			isa = PBXGroup;
			children = (
				154F245F1EEF860200026361 /* AppDelegate.h */,
				154F24601EEF860200026361 /* AppDelegate.m */,
				154F249E1EEFA61B00026361 /* FirstViewController.h */,
				154F249F1EEFA61B00026361 /* FirstViewController.m */,
				154F24A41EEFA67C00026361 /* APPStoreViewController.h */,
				154F24A51EEFA67C00026361 /* APPStoreViewController.m */,
				154F24A71EEFA6B900026361 /* ThirdViewController.h */,
				154F24A81EEFA6B900026361 /* ThirdViewController.m */,
				154F245C1EEF860200026361 /* Supporting Files */,
				154F24651EEF860200026361 /* Main.storyboard */,
				154F24681EEF860200026361 /* Assets.xcassets */,
				154F246A1EEF860200026361 /* LaunchScreen.storyboard */,
				154F246D1EEF860200026361 /* Info.plist */,
			);
			path = APPStoreHeader;
			sourceTree = "<group>";
		};
		154F245C1EEF860200026361 /* Supporting Files */ = {
			isa = PBXGroup;
			children = (
				154F245D1EEF860200026361 /* main.m */,
			);
			name = "Supporting Files";
			sourceTree = "<group>";
		};
		154F24751EEF860200026361 /* APPStoreHeaderTests */ = {
			isa = PBXGroup;
			children = (
				154F24761EEF860200026361 /* APPStoreHeaderTests.m */,
				154F24781EEF860200026361 /* Info.plist */,
			);
			path = APPStoreHeaderTests;
			sourceTree = "<group>";
		};
		154F24801EEF860200026361 /* APPStoreHeaderUITests */ = {
			isa = PBXGroup;
			children = (
				154F24811EEF860200026361 /* APPStoreHeaderUITests.m */,
				154F24831EEF860200026361 /* Info.plist */,
			);
			path = APPStoreHeaderUITests;
			sourceTree = "<group>";
		};
/* End PBXGroup section */

/* Begin PBXNativeTarget section */
		154F24581EEF860200026361 /* APPStoreHeader */ = {
			isa = PBXNativeTarget;
			buildConfigurationList = 154F24861EEF860200026361 /* Build configuration list for PBXNativeTarget "APPStoreHeader" */;
			buildPhases = (
				154F24551EEF860200026361 /* Sources */,
				154F24561EEF860200026361 /* Frameworks */,
				154F24571EEF860200026361 /* Resources */,
			);
			buildRules = (
			);
			dependencies = (
			);
			name = APPStoreHeader;
			productName = APPStoreHeader;
			productReference = 154F24591EEF860200026361 /* APPStoreHeader.app */;
			productType = "com.apple.product-type.application";
		};
		154F24711EEF860200026361 /* APPStoreHeaderTests */ = {
			isa = PBXNativeTarget;
			buildConfigurationList = 154F24891EEF860200026361 /* Build configuration list for PBXNativeTarget "APPStoreHeaderTests" */;
			buildPhases = (
				154F246E1EEF860200026361 /* Sources */,
				154F246F1EEF860200026361 /* Frameworks */,
				154F24701EEF860200026361 /* Resources */,
			);
			buildRules = (
			);
			dependencies = (
				154F24741EEF860200026361 /* PBXTargetDependency */,
			);
			name = APPStoreHeaderTests;
			productName = APPStoreHeaderTests;
			productReference = 154F24721EEF860200026361 /* APPStoreHeaderTests.xctest */;
			productType = "com.apple.product-type.bundle.unit-test";
		};
		154F247C1EEF860200026361 /* APPStoreHeaderUITests */ = {
			isa = PBXNativeTarget;
			buildConfigurationList = 154F248C1EEF860200026361 /* Build configuration list for PBXNativeTarget "APPStoreHeaderUITests" */;
			buildPhases = (
				154F24791EEF860200026361 /* Sources */,
				154F247A1EEF860200026361 /* Frameworks */,
				154F247B1EEF860200026361 /* Resources */,
			);
			buildRules = (
			);
			dependencies = (
				154F247F1EEF860200026361 /* PBXTargetDependency */,
			);
			name = APPStoreHeaderUITests;
			productName = APPStoreHeaderUITests;
			productReference = 154F247D1EEF860200026361 /* APPStoreHeaderUITests.xctest */;
			productType = "com.apple.product-type.bundle.ui-testing";
		};
/* End PBXNativeTarget section */

/* Begin PBXProject section */
		154F24511EEF860200026361 /* Project object */ = {
			isa = PBXProject;
			attributes = {
				LastUpgradeCheck = 0830;
				ORGANIZATIONNAME = cocoadogs;
				TargetAttributes = {
					154F24581EEF860200026361 = {
						CreatedOnToolsVersion = 8.3.3;
						DevelopmentTeam = 4793525Q6T;
						ProvisioningStyle = Automatic;
					};
					154F24711EEF860200026361 = {
						CreatedOnToolsVersion = 8.3.3;
						DevelopmentTeam = 4793525Q6T;
						ProvisioningStyle = Automatic;
						TestTargetID = 154F24581EEF860200026361;
					};
					154F247C1EEF860200026361 = {
						CreatedOnToolsVersion = 8.3.3;
						DevelopmentTeam = 4793525Q6T;
						ProvisioningStyle = Automatic;
						TestTargetID = 154F24581EEF860200026361;
					};
				};
			};
			buildConfigurationList = 154F24541EEF860200026361 /* Build configuration list for PBXProject "APPStoreHeader" */;
			compatibilityVersion = "Xcode 3.2";
			developmentRegion = English;
			hasScannedForEncodings = 0;
			knownRegions = (
				en,
				Base,
			);
			mainGroup = 154F24501EEF860200026361;
			productRefGroup = 154F245A1EEF860200026361 /* Products */;
			projectDirPath = "";
			projectRoot = "";
			targets = (
				154F24581EEF860200026361 /* APPStoreHeader */,
				154F24711EEF860200026361 /* APPStoreHeaderTests */,
				154F247C1EEF860200026361 /* APPStoreHeaderUITests */,
			);
		};
/* End PBXProject section */

/* Begin PBXResourcesBuildPhase section */
		154F24571EEF860200026361 /* Resources */ = {
			isa = PBXResourcesBuildPhase;
			buildActionMask = 2147483647;
			files = (
				154F246C1EEF860200026361 /* LaunchScreen.storyboard in Resources */,
				154F24691EEF860200026361 /* Assets.xcassets in Resources */,
				154F24671EEF860200026361 /* Main.storyboard in Resources */,
			);
			runOnlyForDeploymentPostprocessing = 0;
		};
		154F24701EEF860200026361 /* Resources */ = {
			isa = PBXResourcesBuildPhase;
			buildActionMask = 2147483647;
			files = (
			);
			runOnlyForDeploymentPostprocessing = 0;
		};
		154F247B1EEF860200026361 /* Resources */ = {
			isa = PBXResourcesBuildPhase;
			buildActionMask = 2147483647;
			files = (
			);
			runOnlyForDeploymentPostprocessing = 0;
		};
/* End PBXResourcesBuildPhase section */

/* Begin PBXSourcesBuildPhase section */
		154F24551EEF860200026361 /* Sources */ = {
			isa = PBXSourcesBuildPhase;
			buildActionMask = 2147483647;
			files = (
				154F24A61EEFA67C00026361 /* APPStoreViewController.m in Sources */,
				154F24A91EEFA6B900026361 /* ThirdViewController.m in Sources */,
				154F24611EEF860200026361 /* AppDelegate.m in Sources */,
				154F24A01EEFA61B00026361 /* FirstViewController.m in Sources */,
				154F245E1EEF860200026361 /* main.m in Sources */,
			);
			runOnlyForDeploymentPostprocessing = 0;
		};
		154F246E1EEF860200026361 /* Sources */ = {
			isa = PBXSourcesBuildPhase;
			buildActionMask = 2147483647;
			files = (
				154F24771EEF860200026361 /* APPStoreHeaderTests.m in Sources */,
			);
			runOnlyForDeploymentPostprocessing = 0;
		};
		154F24791EEF860200026361 /* Sources */ = {
			isa = PBXSourcesBuildPhase;
			buildActionMask = 2147483647;
			files = (
				154F24821EEF860200026361 /* APPStoreHeaderUITests.m in Sources */,
			);
			runOnlyForDeploymentPostprocessing = 0;
		};
/* End PBXSourcesBuildPhase section */

/* Begin PBXTargetDependency section */
		154F24741EEF860200026361 /* PBXTargetDependency */ = {
			isa = PBXTargetDependency;
			target = 154F24581EEF860200026361 /* APPStoreHeader */;
			targetProxy = 154F24731EEF860200026361 /* PBXContainerItemProxy */;
		};
		154F247F1EEF860200026361 /* PBXTargetDependency */ = {
			isa = PBXTargetDependency;
			target = 154F24581EEF860200026361 /* APPStoreHeader */;
			targetProxy = 154F247E1EEF860200026361 /* PBXContainerItemProxy */;
		};
/* End PBXTargetDependency section */

/* Begin PBXVariantGroup section */
		154F24651EEF860200026361 /* Main.storyboard */ = {
			isa = PBXVariantGroup;
			children = (
				154F24661EEF860200026361 /* Base */,
			);
			name = Main.storyboard;
			sourceTree = "<group>";
		};
		154F246A1EEF860200026361 /* LaunchScreen.storyboard */ = {
			isa = PBXVariantGroup;
			children = (
				154F246B1EEF860200026361 /* Base */,
			);
			name = LaunchScreen.storyboard;
			sourceTree = "<group>";
		};
/* End PBXVariantGroup section */

/* Begin XCBuildConfiguration section */
		154F24841EEF860200026361 /* Debug */ = {
			isa = XCBuildConfiguration;
			buildSettings = {
				ALWAYS_SEARCH_USER_PATHS = NO;
				CLANG_ANALYZER_NONNULL = YES;
				CLANG_ANALYZER_NUMBER_OBJECT_CONVERSION = YES_AGGRESSIVE;
				CLANG_CXX_LANGUAGE_STANDARD = "gnu++0x";
				CLANG_CXX_LIBRARY = "libc++";
				CLANG_ENABLE_MODULES = YES;
				CLANG_ENABLE_OBJC_ARC = YES;
				CLANG_WARN_BOOL_CONVERSION = YES;
				CLANG_WARN_CONSTANT_CONVERSION = YES;
				CLANG_WARN_DIRECT_OBJC_ISA_USAGE = YES_ERROR;
				CLANG_WARN_DOCUMENTATION_COMMENTS = YES;
				CLANG_WARN_EMPTY_BODY = YES;
				CLANG_WARN_ENUM_CONVERSION = YES;
				CLANG_WARN_INFINITE_RECURSION = YES;
				CLANG_WARN_INT_CONVERSION = YES;
				CLANG_WARN_OBJC_ROOT_CLASS = YES_ERROR;
				CLANG_WARN_SUSPICIOUS_MOVE = YES;
				CLANG_WARN_UNREACHABLE_CODE = YES;
				CLANG_WARN__DUPLICATE_METHOD_MATCH = YES;
				"CODE_SIGN_IDENTITY[sdk=iphoneos*]" = "iPhone Developer";
				COPY_PHASE_STRIP = NO;
				DEBUG_INFORMATION_FORMAT = dwarf;
				ENABLE_STRICT_OBJC_MSGSEND = YES;
				ENABLE_TESTABILITY = YES;
				GCC_C_LANGUAGE_STANDARD = gnu99;
				GCC_DYNAMIC_NO_PIC = NO;
				GCC_NO_COMMON_BLOCKS = YES;
				GCC_OPTIMIZATION_LEVEL = 0;
				GCC_PREPROCESSOR_DEFINITIONS = (
					"DEBUG=1",
					"$(inherited)",
				);
				GCC_WARN_64_TO_32_BIT_CONVERSION = YES;
				GCC_WARN_ABOUT_RETURN_TYPE = YES_ERROR;
				GCC_WARN_UNDECLARED_SELECTOR = YES;
				GCC_WARN_UNINITIALIZED_AUTOS = YES_AGGRESSIVE;
				GCC_WARN_UNUSED_FUNCTION = YES;
				GCC_WARN_UNUSED_VARIABLE = YES;
				IPHONEOS_DEPLOYMENT_TARGET = 10.3;
				MTL_ENABLE_DEBUG_INFO = YES;
				ONLY_ACTIVE_ARCH = YES;
				SDKROOT = iphoneos;
			};
			name = Debug;
		};
		154F24851EEF860200026361 /* Release */ = {
			isa = XCBuildConfiguration;
			buildSettings = {
				ALWAYS_SEARCH_USER_PATHS = NO;
				CLANG_ANALYZER_NONNULL = YES;
				CLANG_ANALYZER_NUMBER_OBJECT_CONVERSION = YES_AGGRESSIVE;
				CLANG_CXX_LANGUAGE_STANDARD = "gnu++0x";
				CLANG_CXX_LIBRARY = "libc++";
				CLANG_ENABLE_MODULES = YES;
				CLANG_ENABLE_OBJC_ARC = YES;
				CLANG_WARN_BOOL_CONVERSION = YES;
				CLANG_WARN_CONSTANT_CONVERSION = YES;
				CLANG_WARN_DIRECT_OBJC_ISA_USAGE = YES_ERROR;
				CLANG_WARN_DOCUMENTATION_COMMENTS = YES;
				CLANG_WARN_EMPTY_BODY = YES;
				CLANG_WARN_ENUM_CONVERSION = YES;
				CLANG_WARN_INFINITE_RECURSION = YES;
				CLANG_WARN_INT_CONVERSION = YES;
				CLANG_WARN_OBJC_ROOT_CLASS = YES_ERROR;
				CLANG_WARN_SUSPICIOUS_MOVE = YES;
				CLANG_WARN_UNREACHABLE_CODE = YES;
				CLANG_WARN__DUPLICATE_METHOD_MATCH = YES;
				"CODE_SIGN_IDENTITY[sdk=iphoneos*]" = "iPhone Developer";
				COPY_PHASE_STRIP = NO;
				DEBUG_INFORMATION_FORMAT = "dwarf-with-dsym";
				ENABLE_NS_ASSERTIONS = NO;
				ENABLE_STRICT_OBJC_MSGSEND = YES;
				GCC_C_LANGUAGE_STANDARD = gnu99;
				GCC_NO_COMMON_BLOCKS = YES;
				GCC_WARN_64_TO_32_BIT_CONVERSION = YES;
				GCC_WARN_ABOUT_RETURN_TYPE = YES_ERROR;
				GCC_WARN_UNDECLARED_SELECTOR = YES;
				GCC_WARN_UNINITIALIZED_AUTOS = YES_AGGRESSIVE;
				GCC_WARN_UNUSED_FUNCTION = YES;
				GCC_WARN_UNUSED_VARIABLE = YES;
				IPHONEOS_DEPLOYMENT_TARGET = 10.3;
				MTL_ENABLE_DEBUG_INFO = NO;
				SDKROOT = iphoneos;
				VALIDATE_PRODUCT = YES;
			};
			name = Release;
		};
		154F24871EEF860200026361 /* Debug */ = {
			isa = XCBuildConfiguration;
			buildSettings = {
				ASSETCATALOG_COMPILER_APPICON_NAME = AppIcon;
				DEVELOPMENT_TEAM = 4793525Q6T;
				INFOPLIST_FILE = APPStoreHeader/Info.plist;
				LD_RUNPATH_SEARCH_PATHS = "$(inherited) @executable_path/Frameworks";
				PRODUCT_BUNDLE_IDENTIFIER = com.cocoadogs.APPStoreHeader;
				PRODUCT_NAME = "$(TARGET_NAME)";
			};
			name = Debug;
		};
		154F24881EEF860200026361 /* Release */ = {
			isa = XCBuildConfiguration;
			buildSettings = {
				ASSETCATALOG_COMPILER_APPICON_NAME = AppIcon;
				DEVELOPMENT_TEAM = 4793525Q6T;
				INFOPLIST_FILE = APPStoreHeader/Info.plist;
				LD_RUNPATH_SEARCH_PATHS = "$(inherited) @executable_path/Frameworks";
				PRODUCT_BUNDLE_IDENTIFIER = com.cocoadogs.APPStoreHeader;
				PRODUCT_NAME = "$(TARGET_NAME)";
			};
			name = Release;
		};
		154F248A1EEF860200026361 /* Debug */ = {
			isa = XCBuildConfiguration;
			buildSettings = {
				BUNDLE_LOADER = "$(TEST_HOST)";
				DEVELOPMENT_TEAM = 4793525Q6T;
				INFOPLIST_FILE = APPStoreHeaderTests/Info.plist;
				LD_RUNPATH_SEARCH_PATHS = "$(inherited) @executable_path/Frameworks @loader_path/Frameworks";
				PRODUCT_BUNDLE_IDENTIFIER = com.cocoadogs.APPStoreHeaderTests;
				PRODUCT_NAME = "$(TARGET_NAME)";
				TEST_HOST = "$(BUILT_PRODUCTS_DIR)/APPStoreHeader.app/APPStoreHeader";
			};
			name = Debug;
		};
		154F248B1EEF860200026361 /* Release */ = {
			isa = XCBuildConfiguration;
			buildSettings = {
				BUNDLE_LOADER = "$(TEST_HOST)";
				DEVELOPMENT_TEAM = 4793525Q6T;
				INFOPLIST_FILE = APPStoreHeaderTests/Info.plist;
				LD_RUNPATH_SEARCH_PATHS = "$(inherited) @executable_path/Frameworks @loader_path/Frameworks";
				PRODUCT_BUNDLE_IDENTIFIER = com.cocoadogs.APPStoreHeaderTests;
				PRODUCT_NAME = "$(TARGET_NAME)";
				TEST_HOST = "$(BUILT_PRODUCTS_DIR)/APPStoreHeader.app/APPStoreHeader";
			};
			name = Release;
		};
		154F248D1EEF860200026361 /* Debug */ = {
			isa = XCBuildConfiguration;
			buildSettings = {
				DEVELOPMENT_TEAM = 4793525Q6T;
				INFOPLIST_FILE = APPStoreHeaderUITests/Info.plist;
				LD_RUNPATH_SEARCH_PATHS = "$(inherited) @executable_path/Frameworks @loader_path/Frameworks";
				PRODUCT_BUNDLE_IDENTIFIER = com.cocoadogs.APPStoreHeaderUITests;
				PRODUCT_NAME = "$(TARGET_NAME)";
				TEST_TARGET_NAME = APPStoreHeader;
			};
			name = Debug;
		};
		154F248E1EEF860200026361 /* Release */ = {
			isa = XCBuildConfiguration;
			buildSettings = {
				DEVELOPMENT_TEAM = 4793525Q6T;
				INFOPLIST_FILE = APPStoreHeaderUITests/Info.plist;
				LD_RUNPATH_SEARCH_PATHS = "$(inherited) @executable_path/Frameworks @loader_path/Frameworks";
				PRODUCT_BUNDLE_IDENTIFIER = com.cocoadogs.APPStoreHeaderUITests;
				PRODUCT_NAME = "$(TARGET_NAME)";
				TEST_TARGET_NAME = APPStoreHeader;
			};
			name = Release;
		};
/* End XCBuildConfiguration section */

/* Begin XCConfigurationList section */
		154F24541EEF860200026361 /* Build configuration list for PBXProject "APPStoreHeader" */ = {
			isa = XCConfigurationList;
			buildConfigurations = (
				154F24841EEF860200026361 /* Debug */,
				154F24851EEF860200026361 /* Release */,
			);
			defaultConfigurationIsVisible = 0;
			defaultConfigurationName = Release;
		};
		154F24861EEF860200026361 /* Build configuration list for PBXNativeTarget "APPStoreHeader" */ = {
			isa = XCConfigurationList;
			buildConfigurations = (
				154F24871EEF860200026361 /* Debug */,
				154F24881EEF860200026361 /* Release */,
			);
			defaultConfigurationIsVisible = 0;
		};
		154F24891EEF860200026361 /* Build configuration list for PBXNativeTarget "APPStoreHeaderTests" */ = {
			isa = XCConfigurationList;
			buildConfigurations = (
				154F248A1EEF860200026361 /* Debug */,
				154F248B1EEF860200026361 /* Release */,
			);
			defaultConfigurationIsVisible = 0;
		};
		154F248C1EEF860200026361 /* Build configuration list for PBXNativeTarget "APPStoreHeaderUITests" */ = {
			isa = XCConfigurationList;
			buildConfigurations = (
				154F248D1EEF860200026361 /* Debug */,
				154F248E1EEF860200026361 /* Release */,
			);
			defaultConfigurationIsVisible = 0;
		};
/* End XCConfigurationList section */
	};
	rootObject = 154F24511EEF860200026361 /* Project object */;
}
